PODS:
  - Alamofire (5.6.1)
  - Floaty (4.2.0)
  - SDWebImage (5.14.2):
    - SDWebImage/Core (= 5.14.2)
  - SDWebImage/Core (5.14.2)

DEPENDENCIES:
  - Alamofire
  - Floaty
  - SDWebImage

SPEC REPOS:
  trunk:
    - Alamofire
    - Floaty
    - SDWebImage

SPEC CHECKSUMS:
  Alamofire: 87bd8c952f9a4454320fce00d9cc3de57bcadaf5
  Floaty: e2bd5a0f6f7f70899e26ff2da31081c8bee8d1b0
  SDWebImage: b9a731e1d6307f44ca703b3976d18c24ca561e84

PODFILE CHECKSUM: caa0f368b54215a0c66193b13cc32ef560b4ba46

COCOAPODS: 1.11.3
