PODS:
  - Alamofire (5.6.1)
  - Cosmos (23.0.0)
  - Floaty (4.2.0)
  - SDWebImage (5.14.2):
    - SDWebImage/Core (= 5.14.2)
  - SDWebImage/Core (5.14.2)

DEPENDENCIES:
  - Alamofire
  - Cosmos (~> 23.0)
  - Floaty
  - SDWebImage

SPEC REPOS:
  trunk:
    - Alamofire
    - Cosmos
    - Floaty
    - SDWebImage

SPEC CHECKSUMS:
  Alamofire: 87bd8c952f9a4454320fce00d9cc3de57bcadaf5
  Cosmos: b5c6a9a637e28a061b54c8f8b1d8529d7d4db73f
  Floaty: e2bd5a0f6f7f70899e26ff2da31081c8bee8d1b0
  SDWebImage: b9a731e1d6307f44ca703b3976d18c24ca561e84

PODFILE CHECKSUM: 911d816109a3780395c589c1967761dae67100ec

COCOAPODS: 1.11.3
