// !$*UTF8*$!
{
	archiveVersion = 1;
	classes = {
	};
	objectVersion = 55;
	objects = {

/* Begin PBXBuildFile section */
		58A8250728637A1100DCFFC3 /* AppDelegate.swift in Sources */ = {isa = PBXBuildFile; fileRef = 58A8250628637A1100DCFFC3 /* AppDelegate.swift */; };
		58A8250928637A1100DCFFC3 /* SceneDelegate.swift in Sources */ = {isa = PBXBuildFile; fileRef = 58A8250828637A1100DCFFC3 /* SceneDelegate.swift */; };
		58A8250B28637A1100DCFFC3 /* BrandsViewController.swift in Sources */ = {isa = PBXBuildFile; fileRef = 58A8250A28637A1100DCFFC3 /* BrandsViewController.swift */; };
		58A8250E28637A1100DCFFC3 /* Main.storyboard in Resources */ = {isa = PBXBuildFile; fileRef = 58A8250C28637A1100DCFFC3 /* Main.storyboard */; };
		58A8251028637A1100DCFFC3 /* Assets.xcassets in Resources */ = {isa = PBXBuildFile; fileRef = 58A8250F28637A1100DCFFC3 /* Assets.xcassets */; };
		58A8251328637A1100DCFFC3 /* LaunchScreen.storyboard in Resources */ = {isa = PBXBuildFile; fileRef = 58A8251128637A1100DCFFC3 /* LaunchScreen.storyboard */; };
		58A8251E28637A1200DCFFC3 /* E_Commerce_AppTests.swift in Sources */ = {isa = PBXBuildFile; fileRef = 58A8251D28637A1200DCFFC3 /* E_Commerce_AppTests.swift */; };
		58A8252828637A1200DCFFC3 /* E_Commerce_AppUITests.swift in Sources */ = {isa = PBXBuildFile; fileRef = 58A8252728637A1200DCFFC3 /* E_Commerce_AppUITests.swift */; };
		58A8252A28637A1200DCFFC3 /* E_Commerce_AppUITestsLaunchTests.swift in Sources */ = {isa = PBXBuildFile; fileRef = 58A8252928637A1200DCFFC3 /* E_Commerce_AppUITestsLaunchTests.swift */; };
		58A92A492864E12B00AE780E /* CategoryViewModel.swift in Sources */ = {isa = PBXBuildFile; fileRef = 58A92A482864E12B00AE780E /* CategoryViewModel.swift */; };
		58A92A4B2864E81800AE780E /* categoryModel.swift in Sources */ = {isa = PBXBuildFile; fileRef = 58A92A4A2864E81800AE780E /* categoryModel.swift */; };
		58AB111928649FD600013F72 /* CategoryViewController.swift in Sources */ = {isa = PBXBuildFile; fileRef = 58AB111828649FD600013F72 /* CategoryViewController.swift */; };
		58ADA0EA28661E8E0066AED4 /* CategoryCollectionViewCell.swift in Sources */ = {isa = PBXBuildFile; fileRef = 58ADA0E928661E8E0066AED4 /* CategoryCollectionViewCell.swift */; };
		58B0229828639A47008A5C0F /* NetworkManager.swift in Sources */ = {isa = PBXBuildFile; fileRef = 58B0229728639A47008A5C0F /* NetworkManager.swift */; };
		75C0FF6EB5DBBEC6BA3D3037 /* Pods_E_Commerce_App_E_Commerce_AppUITests.framework in Frameworks */ = {isa = PBXBuildFile; fileRef = 561022BB48905223A4E42994 /* Pods_E_Commerce_App_E_Commerce_AppUITests.framework */; };
		9D2DD40D77FE49471C167A26 /* Pods_E_Commerce_App.framework in Frameworks */ = {isa = PBXBuildFile; fileRef = 20428079085419C4BE6A3066 /* Pods_E_Commerce_App.framework */; };
		D0F60F0538308175273059A0 /* Pods_E_Commerce_AppTests.framework in Frameworks */ = {isa = PBXBuildFile; fileRef = 69AFB8510183501938BBC1F7 /* Pods_E_Commerce_AppTests.framework */; };
		E03D354528667B2E007847F2 /* Brands.swift in Sources */ = {isa = PBXBuildFile; fileRef = E03D354428667B2E007847F2 /* Brands.swift */; };
		E03D354728667DBA007847F2 /* BrandsViewModel.swift in Sources */ = {isa = PBXBuildFile; fileRef = E03D354628667DBA007847F2 /* BrandsViewModel.swift */; };
		E03D3549286681B6007847F2 /* BrandsCollectionViewCell.swift in Sources */ = {isa = PBXBuildFile; fileRef = E03D3548286681B6007847F2 /* BrandsCollectionViewCell.swift */; };
		E06E2F6A2869CA7D0034E741 /* orderViewController.swift in Sources */ = {isa = PBXBuildFile; fileRef = E06E2F692869CA7D0034E741 /* orderViewController.swift */; };
		E06E2F722869D16C0034E741 /* SettingViewController.swift in Sources */ = {isa = PBXBuildFile; fileRef = E06E2F712869D16C0034E741 /* SettingViewController.swift */; };
		E06E2F742869D65F0034E741 /* settingsTableViewCell.swift in Sources */ = {isa = PBXBuildFile; fileRef = E06E2F732869D65F0034E741 /* settingsTableViewCell.swift */; };
		E06E2F762869D6FE0034E741 /* orderListTableViewCell.swift in Sources */ = {isa = PBXBuildFile; fileRef = E06E2F752869D6FE0034E741 /* orderListTableViewCell.swift */; };
		E06E2F782869E0690034E741 /* AdderessViewController.swift in Sources */ = {isa = PBXBuildFile; fileRef = E06E2F772869E0690034E741 /* AdderessViewController.swift */; };
		E06F5D75286A124B00A57871 /* AddressTableViewCell.swift in Sources */ = {isa = PBXBuildFile; fileRef = E06F5D74286A124B00A57871 /* AddressTableViewCell.swift */; };
		E06F5D77286A14C800A57871 /* AddNewAddressViewController.swift in Sources */ = {isa = PBXBuildFile; fileRef = E06F5D76286A14C800A57871 /* AddNewAddressViewController.swift */; };
		E08BB43928678409005D08B3 /* ProductsViewController.swift in Sources */ = {isa = PBXBuildFile; fileRef = E08BB43828678409005D08B3 /* ProductsViewController.swift */; };
		E08BB44128678B79005D08B3 /* placeholder-images.png in Resources */ = {isa = PBXBuildFile; fileRef = E08BB44028678B79005D08B3 /* placeholder-images.png */; };
		E08BB447286797CE005D08B3 /* MeViewController.swift in Sources */ = {isa = PBXBuildFile; fileRef = E08BB446286797CE005D08B3 /* MeViewController.swift */; };
		E08BB44928679ACD005D08B3 /* MeTableViewCell.swift in Sources */ = {isa = PBXBuildFile; fileRef = E08BB44828679ACD005D08B3 /* MeTableViewCell.swift */; };
/* End PBXBuildFile section */

/* Begin PBXContainerItemProxy section */
		58A8251A28637A1200DCFFC3 /* PBXContainerItemProxy */ = {
			isa = PBXContainerItemProxy;
			containerPortal = 58A824FB28637A1000DCFFC3 /* Project object */;
			proxyType = 1;
			remoteGlobalIDString = 58A8250228637A1000DCFFC3;
			remoteInfo = "E-Commerce App";
		};
		58A8252428637A1200DCFFC3 /* PBXContainerItemProxy */ = {
			isa = PBXContainerItemProxy;
			containerPortal = 58A824FB28637A1000DCFFC3 /* Project object */;
			proxyType = 1;
			remoteGlobalIDString = 58A8250228637A1000DCFFC3;
			remoteInfo = "E-Commerce App";
		};
/* End PBXContainerItemProxy section */

/* Begin PBXFileReference section */
		067239894261DA426E2C300D /* Pods-E-Commerce AppTests.debug.xcconfig */ = {isa = PBXFileReference; includeInIndex = 1; lastKnownFileType = text.xcconfig; name = "Pods-E-Commerce AppTests.debug.xcconfig"; path = "Target Support Files/Pods-E-Commerce AppTests/Pods-E-Commerce AppTests.debug.xcconfig"; sourceTree = "<group>"; };
		0E72068B3B8DBE08209033AF /* Pods-E-Commerce App.debug.xcconfig */ = {isa = PBXFileReference; includeInIndex = 1; lastKnownFileType = text.xcconfig; name = "Pods-E-Commerce App.debug.xcconfig"; path = "Target Support Files/Pods-E-Commerce App/Pods-E-Commerce App.debug.xcconfig"; sourceTree = "<group>"; };
		15D6D2AE8B1AF80660E81E58 /* Pods-E-Commerce App-E-Commerce AppUITests.debug.xcconfig */ = {isa = PBXFileReference; includeInIndex = 1; lastKnownFileType = text.xcconfig; name = "Pods-E-Commerce App-E-Commerce AppUITests.debug.xcconfig"; path = "Target Support Files/Pods-E-Commerce App-E-Commerce AppUITests/Pods-E-Commerce App-E-Commerce AppUITests.debug.xcconfig"; sourceTree = "<group>"; };
		20428079085419C4BE6A3066 /* Pods_E_Commerce_App.framework */ = {isa = PBXFileReference; explicitFileType = wrapper.framework; includeInIndex = 0; path = Pods_E_Commerce_App.framework; sourceTree = BUILT_PRODUCTS_DIR; };
		3769E7339FF5417DCBEA0890 /* Pods-E-Commerce App-E-Commerce AppUITests.release.xcconfig */ = {isa = PBXFileReference; includeInIndex = 1; lastKnownFileType = text.xcconfig; name = "Pods-E-Commerce App-E-Commerce AppUITests.release.xcconfig"; path = "Target Support Files/Pods-E-Commerce App-E-Commerce AppUITests/Pods-E-Commerce App-E-Commerce AppUITests.release.xcconfig"; sourceTree = "<group>"; };
		561022BB48905223A4E42994 /* Pods_E_Commerce_App_E_Commerce_AppUITests.framework */ = {isa = PBXFileReference; explicitFileType = wrapper.framework; includeInIndex = 0; path = Pods_E_Commerce_App_E_Commerce_AppUITests.framework; sourceTree = BUILT_PRODUCTS_DIR; };
		588ADE9D6DB6186C47FA2AE6 /* Pods-E-Commerce AppTests.release.xcconfig */ = {isa = PBXFileReference; includeInIndex = 1; lastKnownFileType = text.xcconfig; name = "Pods-E-Commerce AppTests.release.xcconfig"; path = "Target Support Files/Pods-E-Commerce AppTests/Pods-E-Commerce AppTests.release.xcconfig"; sourceTree = "<group>"; };
		58A8250328637A1100DCFFC3 /* E-Commerce App.app */ = {isa = PBXFileReference; explicitFileType = wrapper.application; includeInIndex = 0; path = "E-Commerce App.app"; sourceTree = BUILT_PRODUCTS_DIR; };
		58A8250628637A1100DCFFC3 /* AppDelegate.swift */ = {isa = PBXFileReference; lastKnownFileType = sourcecode.swift; path = AppDelegate.swift; sourceTree = "<group>"; };
		58A8250828637A1100DCFFC3 /* SceneDelegate.swift */ = {isa = PBXFileReference; lastKnownFileType = sourcecode.swift; path = SceneDelegate.swift; sourceTree = "<group>"; };
		58A8250A28637A1100DCFFC3 /* BrandsViewController.swift */ = {isa = PBXFileReference; lastKnownFileType = sourcecode.swift; path = BrandsViewController.swift; sourceTree = "<group>"; };
		58A8250D28637A1100DCFFC3 /* Base */ = {isa = PBXFileReference; lastKnownFileType = file.storyboard; name = Base; path = Base.lproj/Main.storyboard; sourceTree = "<group>"; };
		58A8250F28637A1100DCFFC3 /* Assets.xcassets */ = {isa = PBXFileReference; lastKnownFileType = folder.assetcatalog; path = Assets.xcassets; sourceTree = "<group>"; };
		58A8251228637A1100DCFFC3 /* Base */ = {isa = PBXFileReference; lastKnownFileType = file.storyboard; name = Base; path = Base.lproj/LaunchScreen.storyboard; sourceTree = "<group>"; };
		58A8251428637A1100DCFFC3 /* Info.plist */ = {isa = PBXFileReference; lastKnownFileType = text.plist.xml; path = Info.plist; sourceTree = "<group>"; };
		58A8251928637A1200DCFFC3 /* E-Commerce AppTests.xctest */ = {isa = PBXFileReference; explicitFileType = wrapper.cfbundle; includeInIndex = 0; path = "E-Commerce AppTests.xctest"; sourceTree = BUILT_PRODUCTS_DIR; };
		58A8251D28637A1200DCFFC3 /* E_Commerce_AppTests.swift */ = {isa = PBXFileReference; lastKnownFileType = sourcecode.swift; path = E_Commerce_AppTests.swift; sourceTree = "<group>"; };
		58A8252328637A1200DCFFC3 /* E-Commerce AppUITests.xctest */ = {isa = PBXFileReference; explicitFileType = wrapper.cfbundle; includeInIndex = 0; path = "E-Commerce AppUITests.xctest"; sourceTree = BUILT_PRODUCTS_DIR; };
		58A8252728637A1200DCFFC3 /* E_Commerce_AppUITests.swift */ = {isa = PBXFileReference; lastKnownFileType = sourcecode.swift; path = E_Commerce_AppUITests.swift; sourceTree = "<group>"; };
		58A8252928637A1200DCFFC3 /* E_Commerce_AppUITestsLaunchTests.swift */ = {isa = PBXFileReference; lastKnownFileType = sourcecode.swift; path = E_Commerce_AppUITestsLaunchTests.swift; sourceTree = "<group>"; };
		58A92A482864E12B00AE780E /* CategoryViewModel.swift */ = {isa = PBXFileReference; lastKnownFileType = sourcecode.swift; path = CategoryViewModel.swift; sourceTree = "<group>"; };
		58A92A4A2864E81800AE780E /* categoryModel.swift */ = {isa = PBXFileReference; lastKnownFileType = sourcecode.swift; path = categoryModel.swift; sourceTree = "<group>"; };
		58AB111828649FD600013F72 /* CategoryViewController.swift */ = {isa = PBXFileReference; lastKnownFileType = sourcecode.swift; path = CategoryViewController.swift; sourceTree = "<group>"; };
		58ADA0E928661E8E0066AED4 /* CategoryCollectionViewCell.swift */ = {isa = PBXFileReference; lastKnownFileType = sourcecode.swift; path = CategoryCollectionViewCell.swift; sourceTree = "<group>"; };
		58B0229728639A47008A5C0F /* NetworkManager.swift */ = {isa = PBXFileReference; lastKnownFileType = sourcecode.swift; path = NetworkManager.swift; sourceTree = "<group>"; };
		69AFB8510183501938BBC1F7 /* Pods_E_Commerce_AppTests.framework */ = {isa = PBXFileReference; explicitFileType = wrapper.framework; includeInIndex = 0; path = Pods_E_Commerce_AppTests.framework; sourceTree = BUILT_PRODUCTS_DIR; };
		D3924D1A89648D15394EF804 /* Pods-E-Commerce App.release.xcconfig */ = {isa = PBXFileReference; includeInIndex = 1; lastKnownFileType = text.xcconfig; name = "Pods-E-Commerce App.release.xcconfig"; path = "Target Support Files/Pods-E-Commerce App/Pods-E-Commerce App.release.xcconfig"; sourceTree = "<group>"; };
		E03D354428667B2E007847F2 /* Brands.swift */ = {isa = PBXFileReference; lastKnownFileType = sourcecode.swift; path = Brands.swift; sourceTree = "<group>"; };
		E03D354628667DBA007847F2 /* BrandsViewModel.swift */ = {isa = PBXFileReference; lastKnownFileType = sourcecode.swift; path = BrandsViewModel.swift; sourceTree = "<group>"; };
		E03D3548286681B6007847F2 /* BrandsCollectionViewCell.swift */ = {isa = PBXFileReference; lastKnownFileType = sourcecode.swift; path = BrandsCollectionViewCell.swift; sourceTree = "<group>"; };
		E06E2F692869CA7D0034E741 /* orderViewController.swift */ = {isa = PBXFileReference; lastKnownFileType = sourcecode.swift; path = orderViewController.swift; sourceTree = "<group>"; };
		E06E2F712869D16C0034E741 /* SettingViewController.swift */ = {isa = PBXFileReference; lastKnownFileType = sourcecode.swift; path = SettingViewController.swift; sourceTree = "<group>"; };
		E06E2F732869D65F0034E741 /* settingsTableViewCell.swift */ = {isa = PBXFileReference; lastKnownFileType = sourcecode.swift; path = settingsTableViewCell.swift; sourceTree = "<group>"; };
		E06E2F752869D6FE0034E741 /* orderListTableViewCell.swift */ = {isa = PBXFileReference; lastKnownFileType = sourcecode.swift; path = orderListTableViewCell.swift; sourceTree = "<group>"; };
		E06E2F772869E0690034E741 /* AdderessViewController.swift */ = {isa = PBXFileReference; lastKnownFileType = sourcecode.swift; path = AdderessViewController.swift; sourceTree = "<group>"; };
		E06F5D74286A124B00A57871 /* AddressTableViewCell.swift */ = {isa = PBXFileReference; lastKnownFileType = sourcecode.swift; path = AddressTableViewCell.swift; sourceTree = "<group>"; };
		E06F5D76286A14C800A57871 /* AddNewAddressViewController.swift */ = {isa = PBXFileReference; lastKnownFileType = sourcecode.swift; path = AddNewAddressViewController.swift; sourceTree = "<group>"; };
		E08BB43828678409005D08B3 /* ProductsViewController.swift */ = {isa = PBXFileReference; lastKnownFileType = sourcecode.swift; path = ProductsViewController.swift; sourceTree = "<group>"; };
		E08BB44028678B79005D08B3 /* placeholder-images.png */ = {isa = PBXFileReference; lastKnownFileType = image.png; path = "placeholder-images.png"; sourceTree = "<group>"; };
		E08BB446286797CE005D08B3 /* MeViewController.swift */ = {isa = PBXFileReference; lastKnownFileType = sourcecode.swift; path = MeViewController.swift; sourceTree = "<group>"; };
		E08BB44828679ACD005D08B3 /* MeTableViewCell.swift */ = {isa = PBXFileReference; lastKnownFileType = sourcecode.swift; path = MeTableViewCell.swift; sourceTree = "<group>"; };
/* End PBXFileReference section */

/* Begin PBXFrameworksBuildPhase section */
		58A8250028637A1000DCFFC3 /* Frameworks */ = {
			isa = PBXFrameworksBuildPhase;
			buildActionMask = 2147483647;
			files = (
				9D2DD40D77FE49471C167A26 /* Pods_E_Commerce_App.framework in Frameworks */,
			);
			runOnlyForDeploymentPostprocessing = 0;
		};
		58A8251628637A1200DCFFC3 /* Frameworks */ = {
			isa = PBXFrameworksBuildPhase;
			buildActionMask = 2147483647;
			files = (
				D0F60F0538308175273059A0 /* Pods_E_Commerce_AppTests.framework in Frameworks */,
			);
			runOnlyForDeploymentPostprocessing = 0;
		};
		58A8252028637A1200DCFFC3 /* Frameworks */ = {
			isa = PBXFrameworksBuildPhase;
			buildActionMask = 2147483647;
			files = (
				75C0FF6EB5DBBEC6BA3D3037 /* Pods_E_Commerce_App_E_Commerce_AppUITests.framework in Frameworks */,
			);
			runOnlyForDeploymentPostprocessing = 0;
		};
/* End PBXFrameworksBuildPhase section */

/* Begin PBXGroup section */
		3379238A1BCAA59474DC73C1 /* Pods */ = {
			isa = PBXGroup;
			children = (
				0E72068B3B8DBE08209033AF /* Pods-E-Commerce App.debug.xcconfig */,
				D3924D1A89648D15394EF804 /* Pods-E-Commerce App.release.xcconfig */,
				15D6D2AE8B1AF80660E81E58 /* Pods-E-Commerce App-E-Commerce AppUITests.debug.xcconfig */,
				3769E7339FF5417DCBEA0890 /* Pods-E-Commerce App-E-Commerce AppUITests.release.xcconfig */,
				067239894261DA426E2C300D /* Pods-E-Commerce AppTests.debug.xcconfig */,
				588ADE9D6DB6186C47FA2AE6 /* Pods-E-Commerce AppTests.release.xcconfig */,
			);
			path = Pods;
			sourceTree = "<group>";
		};
		5298EE7E1DD422FE453C43DA /* Frameworks */ = {
			isa = PBXGroup;
			children = (
				20428079085419C4BE6A3066 /* Pods_E_Commerce_App.framework */,
				561022BB48905223A4E42994 /* Pods_E_Commerce_App_E_Commerce_AppUITests.framework */,
				69AFB8510183501938BBC1F7 /* Pods_E_Commerce_AppTests.framework */,
			);
			name = Frameworks;
			sourceTree = "<group>";
		};
		58A824FA28637A1000DCFFC3 = {
			isa = PBXGroup;
			children = (
				58AC348A286C647200D90281 /* Shopping cart */,
				E08BB44028678B79005D08B3 /* placeholder-images.png */,
				58A8250528637A1100DCFFC3 /* E-Commerce App */,
				58A8251C28637A1200DCFFC3 /* E-Commerce AppTests */,
				58A8252628637A1200DCFFC3 /* E-Commerce AppUITests */,
				58A8250428637A1100DCFFC3 /* Products */,
				3379238A1BCAA59474DC73C1 /* Pods */,
				5298EE7E1DD422FE453C43DA /* Frameworks */,
			);
			sourceTree = "<group>";
		};
		58A8250428637A1100DCFFC3 /* Products */ = {
			isa = PBXGroup;
			children = (
				58A8250328637A1100DCFFC3 /* E-Commerce App.app */,
				58A8251928637A1200DCFFC3 /* E-Commerce AppTests.xctest */,
				58A8252328637A1200DCFFC3 /* E-Commerce AppUITests.xctest */,
			);
			name = Products;
			sourceTree = "<group>";
		};
		58A8250528637A1100DCFFC3 /* E-Commerce App */ = {
			isa = PBXGroup;
			children = (
				E06E2F6F2869D1470034E741 /* Settings */,
				E06E2F672869CA3B0034E741 /* Orders */,
				E08BB4422867977E005D08B3 /* Me  */,
				58B02296286399F5008A5C0F /* NetworkManager */,
				58A825392863804000DCFFC3 /* description Product */,
				58A8253828637FEF00DCFFC3 /* products */,
				58A8253728637FD600DCFFC3 /* Category */,
				58A8253628637F9500DCFFC3 /* Home */,
				58A8250628637A1100DCFFC3 /* AppDelegate.swift */,
				58A8250828637A1100DCFFC3 /* SceneDelegate.swift */,
				58A8250C28637A1100DCFFC3 /* Main.storyboard */,
				58A8250F28637A1100DCFFC3 /* Assets.xcassets */,
				58A8251128637A1100DCFFC3 /* LaunchScreen.storyboard */,
				58A8251428637A1100DCFFC3 /* Info.plist */,
			);
			path = "E-Commerce App";
			sourceTree = "<group>";
		};
		58A8251C28637A1200DCFFC3 /* E-Commerce AppTests */ = {
			isa = PBXGroup;
			children = (
				58A8251D28637A1200DCFFC3 /* E_Commerce_AppTests.swift */,
			);
			path = "E-Commerce AppTests";
			sourceTree = "<group>";
		};
		58A8252628637A1200DCFFC3 /* E-Commerce AppUITests */ = {
			isa = PBXGroup;
			children = (
				58A8252728637A1200DCFFC3 /* E_Commerce_AppUITests.swift */,
				58A8252928637A1200DCFFC3 /* E_Commerce_AppUITestsLaunchTests.swift */,
			);
			path = "E-Commerce AppUITests";
			sourceTree = "<group>";
		};
		58A8253628637F9500DCFFC3 /* Home */ = {
			isa = PBXGroup;
			children = (
				58B0229528638B0F008A5C0F /* HomeModel */,
				58B0229428638AFB008A5C0F /* HomeView */,
				58B0229328638AE2008A5C0F /* HomeViewModel */,
			);
			path = Home;
			sourceTree = "<group>";
		};
		58A8253728637FD600DCFFC3 /* Category */ = {
			isa = PBXGroup;
			children = (
				58B0229228638ACD008A5C0F /* CategoryModel */,
				58B0229128638AB6008A5C0F /* CategoryViewModel */,
				58B0229028638AAB008A5C0F /* CategoryView */,
			);
			path = Category;
			sourceTree = "<group>";
		};
		58A8253828637FEF00DCFFC3 /* products */ = {
			isa = PBXGroup;
			children = (
				58B0228F28638A84008A5C0F /* productsModel */,
				58B0228E28638A70008A5C0F /* productsViewModel */,
				58B0228D28638A4C008A5C0F /* productsView */,
			);
			path = products;
			sourceTree = "<group>";
		};
		58A825392863804000DCFFC3 /* description Product */ = {
			isa = PBXGroup;
			children = (
				58B0228C28638A25008A5C0F /* descriptionModel */,
				58B0228B28638A0F008A5C0F /* descriptionViewModel */,
				58B0228A286389EB008A5C0F /* descriptionView */,
			);
			path = "description Product";
			sourceTree = "<group>";
		};
		58AC348A286C647200D90281 /* Shopping cart */ = {
			isa = PBXGroup;
			children = (
				58AC348D286C64AF00D90281 /* cartView */,
				58AC348C286C649900D90281 /* cartViewModel */,
				58AC348B286C648300D90281 /* cartModel */,
			);
			path = "Shopping cart";
			sourceTree = "<group>";
		};
		58AC348B286C648300D90281 /* cartModel */ = {
			isa = PBXGroup;
			children = (
			);
			path = cartModel;
			sourceTree = "<group>";
		};
		58AC348C286C649900D90281 /* cartViewModel */ = {
			isa = PBXGroup;
			children = (
			);
			path = cartViewModel;
			sourceTree = "<group>";
		};
		58AC348D286C64AF00D90281 /* cartView */ = {
			isa = PBXGroup;
			children = (
			);
			path = cartView;
			sourceTree = "<group>";
		};
		58B0228A286389EB008A5C0F /* descriptionView */ = {
			isa = PBXGroup;
			children = (
			);
			path = descriptionView;
			sourceTree = "<group>";
		};
		58B0228B28638A0F008A5C0F /* descriptionViewModel */ = {
			isa = PBXGroup;
			children = (
			);
			path = descriptionViewModel;
			sourceTree = "<group>";
		};
		58B0228C28638A25008A5C0F /* descriptionModel */ = {
			isa = PBXGroup;
			children = (
			);
			path = descriptionModel;
			sourceTree = "<group>";
		};
		58B0228D28638A4C008A5C0F /* productsView */ = {
			isa = PBXGroup;
			children = (
				E08BB43828678409005D08B3 /* ProductsViewController.swift */,
			);
			path = productsView;
			sourceTree = "<group>";
		};
		58B0228E28638A70008A5C0F /* productsViewModel */ = {
			isa = PBXGroup;
			children = (
			);
			path = productsViewModel;
			sourceTree = "<group>";
		};
		58B0228F28638A84008A5C0F /* productsModel */ = {
			isa = PBXGroup;
			children = (
			);
			path = productsModel;
			sourceTree = "<group>";
		};
		58B0229028638AAB008A5C0F /* CategoryView */ = {
			isa = PBXGroup;
			children = (
				58AB111828649FD600013F72 /* CategoryViewController.swift */,
				58ADA0E928661E8E0066AED4 /* CategoryCollectionViewCell.swift */,
			);
			path = CategoryView;
			sourceTree = "<group>";
		};
		58B0229128638AB6008A5C0F /* CategoryViewModel */ = {
			isa = PBXGroup;
			children = (
				58A92A482864E12B00AE780E /* CategoryViewModel.swift */,
			);
			path = CategoryViewModel;
			sourceTree = "<group>";
		};
		58B0229228638ACD008A5C0F /* CategoryModel */ = {
			isa = PBXGroup;
			children = (
				58A92A4A2864E81800AE780E /* categoryModel.swift */,
			);
			path = CategoryModel;
			sourceTree = "<group>";
		};
		58B0229328638AE2008A5C0F /* HomeViewModel */ = {
			isa = PBXGroup;
			children = (
				E03D354628667DBA007847F2 /* BrandsViewModel.swift */,
			);
			path = HomeViewModel;
			sourceTree = "<group>";
		};
		58B0229428638AFB008A5C0F /* HomeView */ = {
			isa = PBXGroup;
			children = (
				58A8250A28637A1100DCFFC3 /* BrandsViewController.swift */,
				E03D3548286681B6007847F2 /* BrandsCollectionViewCell.swift */,
			);
			path = HomeView;
			sourceTree = "<group>";
		};
		58B0229528638B0F008A5C0F /* HomeModel */ = {
			isa = PBXGroup;
			children = (
				E03D354428667B2E007847F2 /* Brands.swift */,
			);
			path = HomeModel;
			sourceTree = "<group>";
		};
		58B02296286399F5008A5C0F /* NetworkManager */ = {
			isa = PBXGroup;
			children = (
				58B0229728639A47008A5C0F /* NetworkManager.swift */,
			);
			path = NetworkManager;
			sourceTree = "<group>";
		};
		E06E2F672869CA3B0034E741 /* Orders */ = {
			isa = PBXGroup;
			children = (
				E06E2F682869CA5F0034E741 /* View */,
			);
			path = Orders;
			sourceTree = "<group>";
		};
		E06E2F682869CA5F0034E741 /* View */ = {
			isa = PBXGroup;
			children = (
				E06E2F692869CA7D0034E741 /* orderViewController.swift */,
				E06E2F752869D6FE0034E741 /* orderListTableViewCell.swift */,
			);
			path = View;
			sourceTree = "<group>";
		};
		E06E2F6F2869D1470034E741 /* Settings */ = {
			isa = PBXGroup;
			children = (
				E06E2F702869D14F0034E741 /* SettingsView */,
			);
			path = Settings;
			sourceTree = "<group>";
		};
		E06E2F702869D14F0034E741 /* SettingsView */ = {
			isa = PBXGroup;
			children = (
				E06E2F712869D16C0034E741 /* SettingViewController.swift */,
				E06E2F732869D65F0034E741 /* settingsTableViewCell.swift */,
				E06E2F772869E0690034E741 /* AdderessViewController.swift */,
				E06F5D74286A124B00A57871 /* AddressTableViewCell.swift */,
				E06F5D76286A14C800A57871 /* AddNewAddressViewController.swift */,
			);
			path = SettingsView;
			sourceTree = "<group>";
		};
		E08BB4422867977E005D08B3 /* Me  */ = {
			isa = PBXGroup;
			children = (
				E08BB444286797A5005D08B3 /* MeModel */,
				E08BB445286797AF005D08B3 /* MeViewModel */,
				E08BB4432867979A005D08B3 /* MeView */,
			);
			path = "Me ";
			sourceTree = "<group>";
		};
		E08BB4432867979A005D08B3 /* MeView */ = {
			isa = PBXGroup;
			children = (
				E08BB446286797CE005D08B3 /* MeViewController.swift */,
				E08BB44828679ACD005D08B3 /* MeTableViewCell.swift */,
			);
			path = MeView;
			sourceTree = "<group>";
		};
		E08BB444286797A5005D08B3 /* MeModel */ = {
			isa = PBXGroup;
			children = (
			);
			path = MeModel;
			sourceTree = "<group>";
		};
		E08BB445286797AF005D08B3 /* MeViewModel */ = {
			isa = PBXGroup;
			children = (
			);
			path = MeViewModel;
			sourceTree = "<group>";
		};
/* End PBXGroup section */

/* Begin PBXNativeTarget section */
		58A8250228637A1000DCFFC3 /* E-Commerce App */ = {
			isa = PBXNativeTarget;
			buildConfigurationList = 58A8252D28637A1200DCFFC3 /* Build configuration list for PBXNativeTarget "E-Commerce App" */;
			buildPhases = (
				98800B566C452FDAE0049320 /* [CP] Check Pods Manifest.lock */,
				58A824FF28637A1000DCFFC3 /* Sources */,
				58A8250028637A1000DCFFC3 /* Frameworks */,
				58A8250128637A1000DCFFC3 /* Resources */,
				89068A593AF87882909E51F5 /* [CP] Embed Pods Frameworks */,
			);
			buildRules = (
			);
			dependencies = (
			);
			name = "E-Commerce App";
			productName = "E-Commerce App";
			productReference = 58A8250328637A1100DCFFC3 /* E-Commerce App.app */;
			productType = "com.apple.product-type.application";
		};
		58A8251828637A1200DCFFC3 /* E-Commerce AppTests */ = {
			isa = PBXNativeTarget;
			buildConfigurationList = 58A8253028637A1200DCFFC3 /* Build configuration list for PBXNativeTarget "E-Commerce AppTests" */;
			buildPhases = (
				8CE2E6F4455DAFC5EAF5C990 /* [CP] Check Pods Manifest.lock */,
				58A8251528637A1200DCFFC3 /* Sources */,
				58A8251628637A1200DCFFC3 /* Frameworks */,
				58A8251728637A1200DCFFC3 /* Resources */,
			);
			buildRules = (
			);
			dependencies = (
				58A8251B28637A1200DCFFC3 /* PBXTargetDependency */,
			);
			name = "E-Commerce AppTests";
			productName = "E-Commerce AppTests";
			productReference = 58A8251928637A1200DCFFC3 /* E-Commerce AppTests.xctest */;
			productType = "com.apple.product-type.bundle.unit-test";
		};
		58A8252228637A1200DCFFC3 /* E-Commerce AppUITests */ = {
			isa = PBXNativeTarget;
			buildConfigurationList = 58A8253328637A1200DCFFC3 /* Build configuration list for PBXNativeTarget "E-Commerce AppUITests" */;
			buildPhases = (
				80B90346E754F22AA5C52CE8 /* [CP] Check Pods Manifest.lock */,
				58A8251F28637A1200DCFFC3 /* Sources */,
				58A8252028637A1200DCFFC3 /* Frameworks */,
				58A8252128637A1200DCFFC3 /* Resources */,
				F31C346F7B366E883DCBAC52 /* [CP] Embed Pods Frameworks */,
			);
			buildRules = (
			);
			dependencies = (
				58A8252528637A1200DCFFC3 /* PBXTargetDependency */,
			);
			name = "E-Commerce AppUITests";
			productName = "E-Commerce AppUITests";
			productReference = 58A8252328637A1200DCFFC3 /* E-Commerce AppUITests.xctest */;
			productType = "com.apple.product-type.bundle.ui-testing";
		};
/* End PBXNativeTarget section */

/* Begin PBXProject section */
		58A824FB28637A1000DCFFC3 /* Project object */ = {
			isa = PBXProject;
			attributes = {
				BuildIndependentTargetsInParallel = 1;
				LastSwiftUpdateCheck = 1330;
				LastUpgradeCheck = 1330;
				TargetAttributes = {
					58A8250228637A1000DCFFC3 = {
						CreatedOnToolsVersion = 13.3.1;
					};
					58A8251828637A1200DCFFC3 = {
						CreatedOnToolsVersion = 13.3.1;
						TestTargetID = 58A8250228637A1000DCFFC3;
					};
					58A8252228637A1200DCFFC3 = {
						CreatedOnToolsVersion = 13.3.1;
						TestTargetID = 58A8250228637A1000DCFFC3;
					};
				};
			};
			buildConfigurationList = 58A824FE28637A1000DCFFC3 /* Build configuration list for PBXProject "E-Commerce App" */;
			compatibilityVersion = "Xcode 13.0";
			developmentRegion = en;
			hasScannedForEncodings = 0;
			knownRegions = (
				en,
				Base,
			);
			mainGroup = 58A824FA28637A1000DCFFC3;
			productRefGroup = 58A8250428637A1100DCFFC3 /* Products */;
			projectDirPath = "";
			projectRoot = "";
			targets = (
				58A8250228637A1000DCFFC3 /* E-Commerce App */,
				58A8251828637A1200DCFFC3 /* E-Commerce AppTests */,
				58A8252228637A1200DCFFC3 /* E-Commerce AppUITests */,
			);
		};
/* End PBXProject section */

/* Begin PBXResourcesBuildPhase section */
		58A8250128637A1000DCFFC3 /* Resources */ = {
			isa = PBXResourcesBuildPhase;
			buildActionMask = 2147483647;
			files = (
				58A8251328637A1100DCFFC3 /* LaunchScreen.storyboard in Resources */,
				58A8251028637A1100DCFFC3 /* Assets.xcassets in Resources */,
				58A8250E28637A1100DCFFC3 /* Main.storyboard in Resources */,
				E08BB44128678B79005D08B3 /* placeholder-images.png in Resources */,
			);
			runOnlyForDeploymentPostprocessing = 0;
		};
		58A8251728637A1200DCFFC3 /* Resources */ = {
			isa = PBXResourcesBuildPhase;
			buildActionMask = 2147483647;
			files = (
			);
			runOnlyForDeploymentPostprocessing = 0;
		};
		58A8252128637A1200DCFFC3 /* Resources */ = {
			isa = PBXResourcesBuildPhase;
			buildActionMask = 2147483647;
			files = (
			);
			runOnlyForDeploymentPostprocessing = 0;
		};
/* End PBXResourcesBuildPhase section */

/* Begin PBXShellScriptBuildPhase section */
		80B90346E754F22AA5C52CE8 /* [CP] Check Pods Manifest.lock */ = {
			isa = PBXShellScriptBuildPhase;
			buildActionMask = 2147483647;
			files = (
			);
			inputFileListPaths = (
			);
			inputPaths = (
				"${PODS_PODFILE_DIR_PATH}/Podfile.lock",
				"${PODS_ROOT}/Manifest.lock",
			);
			name = "[CP] Check Pods Manifest.lock";
			outputFileListPaths = (
			);
			outputPaths = (
				"$(DERIVED_FILE_DIR)/Pods-E-Commerce App-E-Commerce AppUITests-checkManifestLockResult.txt",
			);
			runOnlyForDeploymentPostprocessing = 0;
			shellPath = /bin/sh;
			shellScript = "diff \"${PODS_PODFILE_DIR_PATH}/Podfile.lock\" \"${PODS_ROOT}/Manifest.lock\" > /dev/null\nif [ $? != 0 ] ; then\n    # print error to STDERR\n    echo \"error: The sandbox is not in sync with the Podfile.lock. Run 'pod install' or update your CocoaPods installation.\" >&2\n    exit 1\nfi\n# This output is used by Xcode 'outputs' to avoid re-running this script phase.\necho \"SUCCESS\" > \"${SCRIPT_OUTPUT_FILE_0}\"\n";
			showEnvVarsInLog = 0;
		};
		89068A593AF87882909E51F5 /* [CP] Embed Pods Frameworks */ = {
			isa = PBXShellScriptBuildPhase;
			buildActionMask = 2147483647;
			files = (
			);
			inputFileListPaths = (
				"${PODS_ROOT}/Target Support Files/Pods-E-Commerce App/Pods-E-Commerce App-frameworks-${CONFIGURATION}-input-files.xcfilelist",
			);
			name = "[CP] Embed Pods Frameworks";
			outputFileListPaths = (
				"${PODS_ROOT}/Target Support Files/Pods-E-Commerce App/Pods-E-Commerce App-frameworks-${CONFIGURATION}-output-files.xcfilelist",
			);
			runOnlyForDeploymentPostprocessing = 0;
			shellPath = /bin/sh;
			shellScript = "\"${PODS_ROOT}/Target Support Files/Pods-E-Commerce App/Pods-E-Commerce App-frameworks.sh\"\n";
			showEnvVarsInLog = 0;
		};
		8CE2E6F4455DAFC5EAF5C990 /* [CP] Check Pods Manifest.lock */ = {
			isa = PBXShellScriptBuildPhase;
			buildActionMask = 2147483647;
			files = (
			);
			inputFileListPaths = (
			);
			inputPaths = (
				"${PODS_PODFILE_DIR_PATH}/Podfile.lock",
				"${PODS_ROOT}/Manifest.lock",
			);
			name = "[CP] Check Pods Manifest.lock";
			outputFileListPaths = (
			);
			outputPaths = (
				"$(DERIVED_FILE_DIR)/Pods-E-Commerce AppTests-checkManifestLockResult.txt",
			);
			runOnlyForDeploymentPostprocessing = 0;
			shellPath = /bin/sh;
			shellScript = "diff \"${PODS_PODFILE_DIR_PATH}/Podfile.lock\" \"${PODS_ROOT}/Manifest.lock\" > /dev/null\nif [ $? != 0 ] ; then\n    # print error to STDERR\n    echo \"error: The sandbox is not in sync with the Podfile.lock. Run 'pod install' or update your CocoaPods installation.\" >&2\n    exit 1\nfi\n# This output is used by Xcode 'outputs' to avoid re-running this script phase.\necho \"SUCCESS\" > \"${SCRIPT_OUTPUT_FILE_0}\"\n";
			showEnvVarsInLog = 0;
		};
		98800B566C452FDAE0049320 /* [CP] Check Pods Manifest.lock */ = {
			isa = PBXShellScriptBuildPhase;
			buildActionMask = 2147483647;
			files = (
			);
			inputFileListPaths = (
			);
			inputPaths = (
				"${PODS_PODFILE_DIR_PATH}/Podfile.lock",
				"${PODS_ROOT}/Manifest.lock",
			);
			name = "[CP] Check Pods Manifest.lock";
			outputFileListPaths = (
			);
			outputPaths = (
				"$(DERIVED_FILE_DIR)/Pods-E-Commerce App-checkManifestLockResult.txt",
			);
			runOnlyForDeploymentPostprocessing = 0;
			shellPath = /bin/sh;
			shellScript = "diff \"${PODS_PODFILE_DIR_PATH}/Podfile.lock\" \"${PODS_ROOT}/Manifest.lock\" > /dev/null\nif [ $? != 0 ] ; then\n    # print error to STDERR\n    echo \"error: The sandbox is not in sync with the Podfile.lock. Run 'pod install' or update your CocoaPods installation.\" >&2\n    exit 1\nfi\n# This output is used by Xcode 'outputs' to avoid re-running this script phase.\necho \"SUCCESS\" > \"${SCRIPT_OUTPUT_FILE_0}\"\n";
			showEnvVarsInLog = 0;
		};
		F31C346F7B366E883DCBAC52 /* [CP] Embed Pods Frameworks */ = {
			isa = PBXShellScriptBuildPhase;
			buildActionMask = 2147483647;
			files = (
			);
			inputFileListPaths = (
				"${PODS_ROOT}/Target Support Files/Pods-E-Commerce App-E-Commerce AppUITests/Pods-E-Commerce App-E-Commerce AppUITests-frameworks-${CONFIGURATION}-input-files.xcfilelist",
			);
			name = "[CP] Embed Pods Frameworks";
			outputFileListPaths = (
				"${PODS_ROOT}/Target Support Files/Pods-E-Commerce App-E-Commerce AppUITests/Pods-E-Commerce App-E-Commerce AppUITests-frameworks-${CONFIGURATION}-output-files.xcfilelist",
			);
			runOnlyForDeploymentPostprocessing = 0;
			shellPath = /bin/sh;
			shellScript = "\"${PODS_ROOT}/Target Support Files/Pods-E-Commerce App-E-Commerce AppUITests/Pods-E-Commerce App-E-Commerce AppUITests-frameworks.sh\"\n";
			showEnvVarsInLog = 0;
		};
/* End PBXShellScriptBuildPhase section */

/* Begin PBXSourcesBuildPhase section */
		58A824FF28637A1000DCFFC3 /* Sources */ = {
			isa = PBXSourcesBuildPhase;
			buildActionMask = 2147483647;
			files = (
				E06E2F6A2869CA7D0034E741 /* orderViewController.swift in Sources */,
				E08BB447286797CE005D08B3 /* MeViewController.swift in Sources */,
				E03D3549286681B6007847F2 /* BrandsCollectionViewCell.swift in Sources */,
				E06F5D77286A14C800A57871 /* AddNewAddressViewController.swift in Sources */,
				E03D354728667DBA007847F2 /* BrandsViewModel.swift in Sources */,
				E06E2F782869E0690034E741 /* AdderessViewController.swift in Sources */,
				E08BB43928678409005D08B3 /* ProductsViewController.swift in Sources */,
				58B0229828639A47008A5C0F /* NetworkManager.swift in Sources */,
				58A8250B28637A1100DCFFC3 /* BrandsViewController.swift in Sources */,
				E03D354528667B2E007847F2 /* Brands.swift in Sources */,
				E06E2F742869D65F0034E741 /* settingsTableViewCell.swift in Sources */,
				58A8250728637A1100DCFFC3 /* AppDelegate.swift in Sources */,
				E06E2F762869D6FE0034E741 /* orderListTableViewCell.swift in Sources */,
				58ADA0EA28661E8E0066AED4 /* CategoryCollectionViewCell.swift in Sources */,
				58AB111928649FD600013F72 /* CategoryViewController.swift in Sources */,
				58B0229828639A47008A5C0F /* NetworkManager.swift in Sources */,
				58A92A4B2864E81800AE780E /* categoryModel.swift in Sources */,
				58A8250B28637A1100DCFFC3 /* BrandsViewController.swift in Sources */,
				58A8250728637A1100DCFFC3 /* AppDelegate.swift in Sources */,
				58A92A492864E12B00AE780E /* CategoryViewModel.swift in Sources */,
				58A8250928637A1100DCFFC3 /* SceneDelegate.swift in Sources */,
				E08BB44928679ACD005D08B3 /* MeTableViewCell.swift in Sources */,
				E06F5D75286A124B00A57871 /* AddressTableViewCell.swift in Sources */,
				E06E2F722869D16C0034E741 /* SettingViewController.swift in Sources */,
			);
			runOnlyForDeploymentPostprocessing = 0;
		};
		58A8251528637A1200DCFFC3 /* Sources */ = {
			isa = PBXSourcesBuildPhase;
			buildActionMask = 2147483647;
			files = (
				58A8251E28637A1200DCFFC3 /* E_Commerce_AppTests.swift in Sources */,
			);
			runOnlyForDeploymentPostprocessing = 0;
		};
		58A8251F28637A1200DCFFC3 /* Sources */ = {
			isa = PBXSourcesBuildPhase;
			buildActionMask = 2147483647;
			files = (
				58A8252828637A1200DCFFC3 /* E_Commerce_AppUITests.swift in Sources */,
				58A8252A28637A1200DCFFC3 /* E_Commerce_AppUITestsLaunchTests.swift in Sources */,
			);
			runOnlyForDeploymentPostprocessing = 0;
		};
/* End PBXSourcesBuildPhase section */

/* Begin PBXTargetDependency section */
		58A8251B28637A1200DCFFC3 /* PBXTargetDependency */ = {
			isa = PBXTargetDependency;
			target = 58A8250228637A1000DCFFC3 /* E-Commerce App */;
			targetProxy = 58A8251A28637A1200DCFFC3 /* PBXContainerItemProxy */;
		};
		58A8252528637A1200DCFFC3 /* PBXTargetDependency */ = {
			isa = PBXTargetDependency;
			target = 58A8250228637A1000DCFFC3 /* E-Commerce App */;
			targetProxy = 58A8252428637A1200DCFFC3 /* PBXContainerItemProxy */;
		};
/* End PBXTargetDependency section */

/* Begin PBXVariantGroup section */
		58A8250C28637A1100DCFFC3 /* Main.storyboard */ = {
			isa = PBXVariantGroup;
			children = (
				58A8250D28637A1100DCFFC3 /* Base */,
			);
			name = Main.storyboard;
			sourceTree = "<group>";
		};
		58A8251128637A1100DCFFC3 /* LaunchScreen.storyboard */ = {
			isa = PBXVariantGroup;
			children = (
				58A8251228637A1100DCFFC3 /* Base */,
			);
			name = LaunchScreen.storyboard;
			sourceTree = "<group>";
		};
/* End PBXVariantGroup section */

/* Begin XCBuildConfiguration section */
		58A8252B28637A1200DCFFC3 /* Debug */ = {
			isa = XCBuildConfiguration;
			buildSettings = {
				ALWAYS_SEARCH_USER_PATHS = NO;
				CLANG_ANALYZER_NONNULL = YES;
				CLANG_ANALYZER_NUMBER_OBJECT_CONVERSION = YES_AGGRESSIVE;
				CLANG_CXX_LANGUAGE_STANDARD = "gnu++17";
				CLANG_ENABLE_MODULES = YES;
				CLANG_ENABLE_OBJC_ARC = YES;
				CLANG_ENABLE_OBJC_WEAK = YES;
				CLANG_WARN_BLOCK_CAPTURE_AUTORELEASING = YES;
				CLANG_WARN_BOOL_CONVERSION = YES;
				CLANG_WARN_COMMA = YES;
				CLANG_WARN_CONSTANT_CONVERSION = YES;
				CLANG_WARN_DEPRECATED_OBJC_IMPLEMENTATIONS = YES;
				CLANG_WARN_DIRECT_OBJC_ISA_USAGE = YES_ERROR;
				CLANG_WARN_DOCUMENTATION_COMMENTS = YES;
				CLANG_WARN_EMPTY_BODY = YES;
				CLANG_WARN_ENUM_CONVERSION = YES;
				CLANG_WARN_INFINITE_RECURSION = YES;
				CLANG_WARN_INT_CONVERSION = YES;
				CLANG_WARN_NON_LITERAL_NULL_CONVERSION = YES;
				CLANG_WARN_OBJC_IMPLICIT_RETAIN_SELF = YES;
				CLANG_WARN_OBJC_LITERAL_CONVERSION = YES;
				CLANG_WARN_OBJC_ROOT_CLASS = YES_ERROR;
				CLANG_WARN_QUOTED_INCLUDE_IN_FRAMEWORK_HEADER = YES;
				CLANG_WARN_RANGE_LOOP_ANALYSIS = YES;
				CLANG_WARN_STRICT_PROTOTYPES = YES;
				CLANG_WARN_SUSPICIOUS_MOVE = YES;
				CLANG_WARN_UNGUARDED_AVAILABILITY = YES_AGGRESSIVE;
				CLANG_WARN_UNREACHABLE_CODE = YES;
				CLANG_WARN__DUPLICATE_METHOD_MATCH = YES;
				COPY_PHASE_STRIP = NO;
				DEBUG_INFORMATION_FORMAT = dwarf;
				ENABLE_STRICT_OBJC_MSGSEND = YES;
				ENABLE_TESTABILITY = YES;
				GCC_C_LANGUAGE_STANDARD = gnu11;
				GCC_DYNAMIC_NO_PIC = NO;
				GCC_NO_COMMON_BLOCKS = YES;
				GCC_OPTIMIZATION_LEVEL = 0;
				GCC_PREPROCESSOR_DEFINITIONS = (
					"DEBUG=1",
					"$(inherited)",
				);
				GCC_WARN_64_TO_32_BIT_CONVERSION = YES;
				GCC_WARN_ABOUT_RETURN_TYPE = YES_ERROR;
				GCC_WARN_UNDECLARED_SELECTOR = YES;
				GCC_WARN_UNINITIALIZED_AUTOS = YES_AGGRESSIVE;
				GCC_WARN_UNUSED_FUNCTION = YES;
				GCC_WARN_UNUSED_VARIABLE = YES;
				IPHONEOS_DEPLOYMENT_TARGET = 15.4;
				MTL_ENABLE_DEBUG_INFO = INCLUDE_SOURCE;
				MTL_FAST_MATH = YES;
				ONLY_ACTIVE_ARCH = YES;
				SDKROOT = iphoneos;
				SWIFT_ACTIVE_COMPILATION_CONDITIONS = DEBUG;
				SWIFT_OPTIMIZATION_LEVEL = "-Onone";
			};
			name = Debug;
		};
		58A8252C28637A1200DCFFC3 /* Release */ = {
			isa = XCBuildConfiguration;
			buildSettings = {
				ALWAYS_SEARCH_USER_PATHS = NO;
				CLANG_ANALYZER_NONNULL = YES;
				CLANG_ANALYZER_NUMBER_OBJECT_CONVERSION = YES_AGGRESSIVE;
				CLANG_CXX_LANGUAGE_STANDARD = "gnu++17";
				CLANG_ENABLE_MODULES = YES;
				CLANG_ENABLE_OBJC_ARC = YES;
				CLANG_ENABLE_OBJC_WEAK = YES;
				CLANG_WARN_BLOCK_CAPTURE_AUTORELEASING = YES;
				CLANG_WARN_BOOL_CONVERSION = YES;
				CLANG_WARN_COMMA = YES;
				CLANG_WARN_CONSTANT_CONVERSION = YES;
				CLANG_WARN_DEPRECATED_OBJC_IMPLEMENTATIONS = YES;
				CLANG_WARN_DIRECT_OBJC_ISA_USAGE = YES_ERROR;
				CLANG_WARN_DOCUMENTATION_COMMENTS = YES;
				CLANG_WARN_EMPTY_BODY = YES;
				CLANG_WARN_ENUM_CONVERSION = YES;
				CLANG_WARN_INFINITE_RECURSION = YES;
				CLANG_WARN_INT_CONVERSION = YES;
				CLANG_WARN_NON_LITERAL_NULL_CONVERSION = YES;
				CLANG_WARN_OBJC_IMPLICIT_RETAIN_SELF = YES;
				CLANG_WARN_OBJC_LITERAL_CONVERSION = YES;
				CLANG_WARN_OBJC_ROOT_CLASS = YES_ERROR;
				CLANG_WARN_QUOTED_INCLUDE_IN_FRAMEWORK_HEADER = YES;
				CLANG_WARN_RANGE_LOOP_ANALYSIS = YES;
				CLANG_WARN_STRICT_PROTOTYPES = YES;
				CLANG_WARN_SUSPICIOUS_MOVE = YES;
				CLANG_WARN_UNGUARDED_AVAILABILITY = YES_AGGRESSIVE;
				CLANG_WARN_UNREACHABLE_CODE = YES;
				CLANG_WARN__DUPLICATE_METHOD_MATCH = YES;
				COPY_PHASE_STRIP = NO;
				DEBUG_INFORMATION_FORMAT = "dwarf-with-dsym";
				ENABLE_NS_ASSERTIONS = NO;
				ENABLE_STRICT_OBJC_MSGSEND = YES;
				GCC_C_LANGUAGE_STANDARD = gnu11;
				GCC_NO_COMMON_BLOCKS = YES;
				GCC_WARN_64_TO_32_BIT_CONVERSION = YES;
				GCC_WARN_ABOUT_RETURN_TYPE = YES_ERROR;
				GCC_WARN_UNDECLARED_SELECTOR = YES;
				GCC_WARN_UNINITIALIZED_AUTOS = YES_AGGRESSIVE;
				GCC_WARN_UNUSED_FUNCTION = YES;
				GCC_WARN_UNUSED_VARIABLE = YES;
				IPHONEOS_DEPLOYMENT_TARGET = 15.4;
				MTL_ENABLE_DEBUG_INFO = NO;
				MTL_FAST_MATH = YES;
				SDKROOT = iphoneos;
				SWIFT_COMPILATION_MODE = wholemodule;
				SWIFT_OPTIMIZATION_LEVEL = "-O";
				VALIDATE_PRODUCT = YES;
			};
			name = Release;
		};
		58A8252E28637A1200DCFFC3 /* Debug */ = {
			isa = XCBuildConfiguration;
			baseConfigurationReference = 0E72068B3B8DBE08209033AF /* Pods-E-Commerce App.debug.xcconfig */;
			buildSettings = {
				ASSETCATALOG_COMPILER_APPICON_NAME = AppIcon;
				ASSETCATALOG_COMPILER_GLOBAL_ACCENT_COLOR_NAME = AccentColor;
				CODE_SIGN_STYLE = Automatic;
				CURRENT_PROJECT_VERSION = 1;
				GENERATE_INFOPLIST_FILE = YES;
				INFOPLIST_FILE = "E-Commerce App/Info.plist";
				INFOPLIST_KEY_UIApplicationSupportsIndirectInputEvents = YES;
				INFOPLIST_KEY_UILaunchStoryboardName = LaunchScreen;
				INFOPLIST_KEY_UIMainStoryboardFile = Main;
				INFOPLIST_KEY_UISupportedInterfaceOrientations_iPad = "UIInterfaceOrientationPortrait UIInterfaceOrientationPortraitUpsideDown UIInterfaceOrientationLandscapeLeft UIInterfaceOrientationLandscapeRight";
				INFOPLIST_KEY_UISupportedInterfaceOrientations_iPhone = "UIInterfaceOrientationPortrait UIInterfaceOrientationLandscapeLeft UIInterfaceOrientationLandscapeRight";
				LD_RUNPATH_SEARCH_PATHS = (
					"$(inherited)",
					"@executable_path/Frameworks",
				);
				MARKETING_VERSION = 1.0;
				PRODUCT_BUNDLE_IDENTIFIER = "first.E-Commerce-App";
				PRODUCT_NAME = "$(TARGET_NAME)";
				SWIFT_EMIT_LOC_STRINGS = YES;
				SWIFT_VERSION = 5.0;
				TARGETED_DEVICE_FAMILY = "1,2";
			};
			name = Debug;
		};
		58A8252F28637A1200DCFFC3 /* Release */ = {
			isa = XCBuildConfiguration;
			baseConfigurationReference = D3924D1A89648D15394EF804 /* Pods-E-Commerce App.release.xcconfig */;
			buildSettings = {
				ASSETCATALOG_COMPILER_APPICON_NAME = AppIcon;
				ASSETCATALOG_COMPILER_GLOBAL_ACCENT_COLOR_NAME = AccentColor;
				CODE_SIGN_STYLE = Automatic;
				CURRENT_PROJECT_VERSION = 1;
				GENERATE_INFOPLIST_FILE = YES;
				INFOPLIST_FILE = "E-Commerce App/Info.plist";
				INFOPLIST_KEY_UIApplicationSupportsIndirectInputEvents = YES;
				INFOPLIST_KEY_UILaunchStoryboardName = LaunchScreen;
				INFOPLIST_KEY_UIMainStoryboardFile = Main;
				INFOPLIST_KEY_UISupportedInterfaceOrientations_iPad = "UIInterfaceOrientationPortrait UIInterfaceOrientationPortraitUpsideDown UIInterfaceOrientationLandscapeLeft UIInterfaceOrientationLandscapeRight";
				INFOPLIST_KEY_UISupportedInterfaceOrientations_iPhone = "UIInterfaceOrientationPortrait UIInterfaceOrientationLandscapeLeft UIInterfaceOrientationLandscapeRight";
				LD_RUNPATH_SEARCH_PATHS = (
					"$(inherited)",
					"@executable_path/Frameworks",
				);
				MARKETING_VERSION = 1.0;
				PRODUCT_BUNDLE_IDENTIFIER = "first.E-Commerce-App";
				PRODUCT_NAME = "$(TARGET_NAME)";
				SWIFT_EMIT_LOC_STRINGS = YES;
				SWIFT_VERSION = 5.0;
				TARGETED_DEVICE_FAMILY = "1,2";
			};
			name = Release;
		};
		58A8253128637A1200DCFFC3 /* Debug */ = {
			isa = XCBuildConfiguration;
			baseConfigurationReference = 067239894261DA426E2C300D /* Pods-E-Commerce AppTests.debug.xcconfig */;
			buildSettings = {
				ALWAYS_EMBED_SWIFT_STANDARD_LIBRARIES = YES;
				BUNDLE_LOADER = "$(TEST_HOST)";
				CODE_SIGN_STYLE = Automatic;
				CURRENT_PROJECT_VERSION = 1;
				GENERATE_INFOPLIST_FILE = YES;
				IPHONEOS_DEPLOYMENT_TARGET = 15.4;
				MARKETING_VERSION = 1.0;
				PRODUCT_BUNDLE_IDENTIFIER = "first.E-Commerce-AppTests";
				PRODUCT_NAME = "$(TARGET_NAME)";
				SWIFT_EMIT_LOC_STRINGS = NO;
				SWIFT_VERSION = 5.0;
				TARGETED_DEVICE_FAMILY = "1,2";
				TEST_HOST = "$(BUILT_PRODUCTS_DIR)/E-Commerce App.app/E-Commerce App";
			};
			name = Debug;
		};
		58A8253228637A1200DCFFC3 /* Release */ = {
			isa = XCBuildConfiguration;
			baseConfigurationReference = 588ADE9D6DB6186C47FA2AE6 /* Pods-E-Commerce AppTests.release.xcconfig */;
			buildSettings = {
				ALWAYS_EMBED_SWIFT_STANDARD_LIBRARIES = YES;
				BUNDLE_LOADER = "$(TEST_HOST)";
				CODE_SIGN_STYLE = Automatic;
				CURRENT_PROJECT_VERSION = 1;
				GENERATE_INFOPLIST_FILE = YES;
				IPHONEOS_DEPLOYMENT_TARGET = 15.4;
				MARKETING_VERSION = 1.0;
				PRODUCT_BUNDLE_IDENTIFIER = "first.E-Commerce-AppTests";
				PRODUCT_NAME = "$(TARGET_NAME)";
				SWIFT_EMIT_LOC_STRINGS = NO;
				SWIFT_VERSION = 5.0;
				TARGETED_DEVICE_FAMILY = "1,2";
				TEST_HOST = "$(BUILT_PRODUCTS_DIR)/E-Commerce App.app/E-Commerce App";
			};
			name = Release;
		};
		58A8253428637A1200DCFFC3 /* Debug */ = {
			isa = XCBuildConfiguration;
			baseConfigurationReference = 15D6D2AE8B1AF80660E81E58 /* Pods-E-Commerce App-E-Commerce AppUITests.debug.xcconfig */;
			buildSettings = {
				ALWAYS_EMBED_SWIFT_STANDARD_LIBRARIES = YES;
				CODE_SIGN_STYLE = Automatic;
				CURRENT_PROJECT_VERSION = 1;
				GENERATE_INFOPLIST_FILE = YES;
				MARKETING_VERSION = 1.0;
				PRODUCT_BUNDLE_IDENTIFIER = "first.E-Commerce-AppUITests";
				PRODUCT_NAME = "$(TARGET_NAME)";
				SWIFT_EMIT_LOC_STRINGS = NO;
				SWIFT_VERSION = 5.0;
				TARGETED_DEVICE_FAMILY = "1,2";
				TEST_TARGET_NAME = "E-Commerce App";
			};
			name = Debug;
		};
		58A8253528637A1200DCFFC3 /* Release */ = {
			isa = XCBuildConfiguration;
			baseConfigurationReference = 3769E7339FF5417DCBEA0890 /* Pods-E-Commerce App-E-Commerce AppUITests.release.xcconfig */;
			buildSettings = {
				ALWAYS_EMBED_SWIFT_STANDARD_LIBRARIES = YES;
				CODE_SIGN_STYLE = Automatic;
				CURRENT_PROJECT_VERSION = 1;
				GENERATE_INFOPLIST_FILE = YES;
				MARKETING_VERSION = 1.0;
				PRODUCT_BUNDLE_IDENTIFIER = "first.E-Commerce-AppUITests";
				PRODUCT_NAME = "$(TARGET_NAME)";
				SWIFT_EMIT_LOC_STRINGS = NO;
				SWIFT_VERSION = 5.0;
				TARGETED_DEVICE_FAMILY = "1,2";
				TEST_TARGET_NAME = "E-Commerce App";
			};
			name = Release;
		};
/* End XCBuildConfiguration section */

/* Begin XCConfigurationList section */
		58A824FE28637A1000DCFFC3 /* Build configuration list for PBXProject "E-Commerce App" */ = {
			isa = XCConfigurationList;
			buildConfigurations = (
				58A8252B28637A1200DCFFC3 /* Debug */,
				58A8252C28637A1200DCFFC3 /* Release */,
			);
			defaultConfigurationIsVisible = 0;
			defaultConfigurationName = Release;
		};
		58A8252D28637A1200DCFFC3 /* Build configuration list for PBXNativeTarget "E-Commerce App" */ = {
			isa = XCConfigurationList;
			buildConfigurations = (
				58A8252E28637A1200DCFFC3 /* Debug */,
				58A8252F28637A1200DCFFC3 /* Release */,
			);
			defaultConfigurationIsVisible = 0;
			defaultConfigurationName = Release;
		};
		58A8253028637A1200DCFFC3 /* Build configuration list for PBXNativeTarget "E-Commerce AppTests" */ = {
			isa = XCConfigurationList;
			buildConfigurations = (
				58A8253128637A1200DCFFC3 /* Debug */,
				58A8253228637A1200DCFFC3 /* Release */,
			);
			defaultConfigurationIsVisible = 0;
			defaultConfigurationName = Release;
		};
		58A8253328637A1200DCFFC3 /* Build configuration list for PBXNativeTarget "E-Commerce AppUITests" */ = {
			isa = XCConfigurationList;
			buildConfigurations = (
				58A8253428637A1200DCFFC3 /* Debug */,
				58A8253528637A1200DCFFC3 /* Release */,
			);
			defaultConfigurationIsVisible = 0;
			defaultConfigurationName = Release;
		};
/* End XCConfigurationList section */
	};
	rootObject = 58A824FB28637A1000DCFFC3 /* Project object */;
}
